
Microsoft Visual Studio Solution File, Format Version 12.00
# Visual Studio 15
VisualStudioVersion = 15.0.28010.2041
MinimumVisualStudioVersion = 10.0.40219.1
Project("{9A19103F-16F7-4668-BE54-9A1E7A4F7556}") = "Kafka.Consumer", "Kafka.Consumer\Kafka.Consumer.csproj", "{D06C9F18-1B94-46E6-AF1E-CBC4B6490587}"
EndProject
Project("{9A19103F-16F7-4668-BE54-9A1E7A4F7556}") = "Kafka.Message", "Kafka.Message\Kafka.Message.csproj", "{C510CDDE-A34F-4A0D-B4A0-89CF6D250CF2}"
EndProject
Project("{9A19103F-16F7-4668-BE54-9A1E7A4F7556}") = "Kafka.Producer", "Kafka.Producer\Kafka.Producer.csproj", "{ADAE5DD0-1694-4587-B0FF-E6E4CFA5E1D6}"
EndProject
Project("{2150E333-8FDC-42A3-9474-1A3956D46DE8}") = "src", "src", "{7EDCD608-6BCB-4EB7-A49B-D9FCAFCB802B}"
EndProject
Project("{2150E333-8FDC-42A3-9474-1A3956D46DE8}") = "Solution Items", "Solution Items", "{B4833589-E5F3-49EB-863D-267C4504822B}"
	ProjectSection(SolutionItems) = preProject
		..\docker-compose.yml = ..\docker-compose.yml
	EndProjectSection
EndProject
Global
	GlobalSection(SolutionConfigurationPlatforms) = preSolution
		Debug|Any CPU = Debug|Any CPU
		Release|Any CPU = Release|Any CPU
	EndGlobalSection
	GlobalSection(ProjectConfigurationPlatforms) = postSolution
		{D06C9F18-1B94-46E6-AF1E-CBC4B6490587}.Debug|Any CPU.ActiveCfg = Debug|Any CPU
		{D06C9F18-1B94-46E6-AF1E-CBC4B6490587}.Debug|Any CPU.Build.0 = Debug|Any CPU
		{D06C9F18-1B94-46E6-AF1E-CBC4B6490587}.Release|Any CPU.ActiveCfg = Release|Any CPU
		{D06C9F18-1B94-46E6-AF1E-CBC4B6490587}.Release|Any CPU.Build.0 = Release|Any CPU
		{C510CDDE-A34F-4A0D-B4A0-89CF6D250CF2}.Debug|Any CPU.ActiveCfg = Debug|Any CPU
		{C510CDDE-A34F-4A0D-B4A0-89CF6D250CF2}.Debug|Any CPU.Build.0 = Debug|Any CPU
		{C510CDDE-A34F-4A0D-B4A0-89CF6D250CF2}.Release|Any CPU.ActiveCfg = Release|Any CPU
		{C510CDDE-A34F-4A0D-B4A0-89CF6D250CF2}.Release|Any CPU.Build.0 = Release|Any CPU
		{ADAE5DD0-1694-4587-B0FF-E6E4CFA5E1D6}.Debug|Any CPU.ActiveCfg = Debug|Any CPU
		{ADAE5DD0-1694-4587-B0FF-E6E4CFA5E1D6}.Debug|Any CPU.Build.0 = Debug|Any CPU
		{ADAE5DD0-1694-4587-B0FF-E6E4CFA5E1D6}.Release|Any CPU.ActiveCfg = Release|Any CPU
		{ADAE5DD0-1694-4587-B0FF-E6E4CFA5E1D6}.Release|Any CPU.Build.0 = Release|Any CPU
	EndGlobalSection
	GlobalSection(SolutionProperties) = preSolution
		HideSolutionNode = FALSE
	EndGlobalSection
	GlobalSection(NestedProjects) = preSolution
		{D06C9F18-1B94-46E6-AF1E-CBC4B6490587} = {7EDCD608-6BCB-4EB7-A49B-D9FCAFCB802B}
		{C510CDDE-A34F-4A0D-B4A0-89CF6D250CF2} = {7EDCD608-6BCB-4EB7-A49B-D9FCAFCB802B}
		{ADAE5DD0-1694-4587-B0FF-E6E4CFA5E1D6} = {7EDCD608-6BCB-4EB7-A49B-D9FCAFCB802B}
	EndGlobalSection
	GlobalSection(ExtensibilityGlobals) = postSolution
		SolutionGuid = {C703DC80-0D51-435C-A25A-ED489A0A20CF}
	EndGlobalSection
EndGlobal
